// !$*UTF8*$!
{
	archiveVersion = 1;
	classes = {
	};
	objectVersion = 55;
	objects = {

/* Begin PBXBuildFile section */
		632A9A192946EC3400448073 /* PokemonCardSwiftUIApp.swift in Sources */ = {isa = PBXBuildFile; fileRef = 632A9A182946EC3400448073 /* PokemonCardSwiftUIApp.swift */; };
		632A9A1D2946EC3600448073 /* Assets.xcassets in Resources */ = {isa = PBXBuildFile; fileRef = 632A9A1C2946EC3600448073 /* Assets.xcassets */; };
		632A9A202946EC3600448073 /* Preview Assets.xcassets in Resources */ = {isa = PBXBuildFile; fileRef = 632A9A1F2946EC3600448073 /* Preview Assets.xcassets */; };
		632A9A282946F2D400448073 /* Alamofire in Frameworks */ = {isa = PBXBuildFile; productRef = 632A9A272946F2D400448073 /* Alamofire */; };
		632A9A2F2946F40800448073 /* Card.swift in Sources */ = {isa = PBXBuildFile; fileRef = 632A9A2E2946F40800448073 /* Card.swift */; };
		632A9A312946F82A00448073 /* CardType.swift in Sources */ = {isa = PBXBuildFile; fileRef = 632A9A302946F82A00448073 /* CardType.swift */; };
		632A9A332946F84100448073 /* SuperType.swift in Sources */ = {isa = PBXBuildFile; fileRef = 632A9A322946F84100448073 /* SuperType.swift */; };
		632A9A352946F85700448073 /* SubType.swift in Sources */ = {isa = PBXBuildFile; fileRef = 632A9A342946F85700448073 /* SubType.swift */; };
		632A9A372946F86900448073 /* Attack.swift in Sources */ = {isa = PBXBuildFile; fileRef = 632A9A362946F86900448073 /* Attack.swift */; };
		632A9A392946F88700448073 /* Effect.swift in Sources */ = {isa = PBXBuildFile; fileRef = 632A9A382946F88700448073 /* Effect.swift */; };
		632A9A3B2946F89E00448073 /* Ability.swift in Sources */ = {isa = PBXBuildFile; fileRef = 632A9A3A2946F89E00448073 /* Ability.swift */; };
		632A9A3D2946FB3E00448073 /* BaseAPIProtocol.swift in Sources */ = {isa = PBXBuildFile; fileRef = 632A9A3C2946FB3E00448073 /* BaseAPIProtocol.swift */; };
		632A9A402946FE5600448073 /* SecretKey.swift in Sources */ = {isa = PBXBuildFile; fileRef = 632A9A3F2946FE5600448073 /* SecretKey.swift */; };
		632A9A422946FEA000448073 /* EnvironmentKey.swift in Sources */ = {isa = PBXBuildFile; fileRef = 632A9A412946FEA000448073 /* EnvironmentKey.swift */; };
		632A9A442947065C00448073 /* APIManager.swift in Sources */ = {isa = PBXBuildFile; fileRef = 632A9A432947065C00448073 /* APIManager.swift */; };
		632A9A4829470DA000448073 /* CardRequest.swift in Sources */ = {isa = PBXBuildFile; fileRef = 632A9A4729470DA000448073 /* CardRequest.swift */; };
		632A9A4A29470E8D00448073 /* CardRepository.swift in Sources */ = {isa = PBXBuildFile; fileRef = 632A9A4929470E8D00448073 /* CardRepository.swift */; };
		632A9A4F29471A7800448073 /* CardListResponse.swift in Sources */ = {isa = PBXBuildFile; fileRef = 632A9A4E29471A7800448073 /* CardListResponse.swift */; };
		632A9A5129471D9C00448073 /* ImageSize.swift in Sources */ = {isa = PBXBuildFile; fileRef = 632A9A5029471D9C00448073 /* ImageSize.swift */; };
		632A9A57294723E300448073 /* HomeView.swift in Sources */ = {isa = PBXBuildFile; fileRef = 632A9A56294723E300448073 /* HomeView.swift */; };
		632A9A59294723EF00448073 /* SearchView.swift in Sources */ = {isa = PBXBuildFile; fileRef = 632A9A58294723EF00448073 /* SearchView.swift */; };
		632A9A5B294723FE00448073 /* NotifyView.swift in Sources */ = {isa = PBXBuildFile; fileRef = 632A9A5A294723FE00448073 /* NotifyView.swift */; };
		632A9A5D2947240B00448073 /* SettingView.swift in Sources */ = {isa = PBXBuildFile; fileRef = 632A9A5C2947240B00448073 /* SettingView.swift */; };
		632A9A5F294728FA00448073 /* SearchViewModel.swift in Sources */ = {isa = PBXBuildFile; fileRef = 632A9A5E294728FA00448073 /* SearchViewModel.swift */; };
		632A9A6229472A7200448073 /* SearchCardRow.swift in Sources */ = {isa = PBXBuildFile; fileRef = 632A9A6129472A7200448073 /* SearchCardRow.swift */; };
		632A9A6629472C4500448073 /* ImageView.swift in Sources */ = {isa = PBXBuildFile; fileRef = 632A9A6529472C4500448073 /* ImageView.swift */; };
		632A9A6829472C8B00448073 /* ImageViewModel.swift in Sources */ = {isa = PBXBuildFile; fileRef = 632A9A6729472C8B00448073 /* ImageViewModel.swift */; };
		632A9A6B29472CC500448073 /* Nuke in Frameworks */ = {isa = PBXBuildFile; productRef = 632A9A6A29472CC500448073 /* Nuke */; };
/* End PBXBuildFile section */

/* Begin PBXFileReference section */
		632A9A152946EC3400448073 /* PokemonCardSwiftUI.app */ = {isa = PBXFileReference; explicitFileType = wrapper.application; includeInIndex = 0; path = PokemonCardSwiftUI.app; sourceTree = BUILT_PRODUCTS_DIR; };
		632A9A182946EC3400448073 /* PokemonCardSwiftUIApp.swift */ = {isa = PBXFileReference; lastKnownFileType = sourcecode.swift; path = PokemonCardSwiftUIApp.swift; sourceTree = "<group>"; };
		632A9A1C2946EC3600448073 /* Assets.xcassets */ = {isa = PBXFileReference; lastKnownFileType = folder.assetcatalog; path = Assets.xcassets; sourceTree = "<group>"; };
		632A9A1F2946EC3600448073 /* Preview Assets.xcassets */ = {isa = PBXFileReference; lastKnownFileType = folder.assetcatalog; path = "Preview Assets.xcassets"; sourceTree = "<group>"; };
		632A9A2E2946F40800448073 /* Card.swift */ = {isa = PBXFileReference; lastKnownFileType = sourcecode.swift; path = Card.swift; sourceTree = "<group>"; };
		632A9A302946F82A00448073 /* CardType.swift */ = {isa = PBXFileReference; lastKnownFileType = sourcecode.swift; path = CardType.swift; sourceTree = "<group>"; };
		632A9A322946F84100448073 /* SuperType.swift */ = {isa = PBXFileReference; lastKnownFileType = sourcecode.swift; path = SuperType.swift; sourceTree = "<group>"; };
		632A9A342946F85700448073 /* SubType.swift */ = {isa = PBXFileReference; lastKnownFileType = sourcecode.swift; path = SubType.swift; sourceTree = "<group>"; };
		632A9A362946F86900448073 /* Attack.swift */ = {isa = PBXFileReference; lastKnownFileType = sourcecode.swift; path = Attack.swift; sourceTree = "<group>"; };
		632A9A382946F88700448073 /* Effect.swift */ = {isa = PBXFileReference; lastKnownFileType = sourcecode.swift; path = Effect.swift; sourceTree = "<group>"; };
		632A9A3A2946F89E00448073 /* Ability.swift */ = {isa = PBXFileReference; lastKnownFileType = sourcecode.swift; path = Ability.swift; sourceTree = "<group>"; };
		632A9A3C2946FB3E00448073 /* BaseAPIProtocol.swift */ = {isa = PBXFileReference; lastKnownFileType = sourcecode.swift; path = BaseAPIProtocol.swift; sourceTree = "<group>"; };
		632A9A3F2946FE5600448073 /* SecretKey.swift */ = {isa = PBXFileReference; lastKnownFileType = sourcecode.swift; path = SecretKey.swift; sourceTree = "<group>"; };
		632A9A412946FEA000448073 /* EnvironmentKey.swift */ = {isa = PBXFileReference; lastKnownFileType = sourcecode.swift; path = EnvironmentKey.swift; sourceTree = "<group>"; };
		632A9A432947065C00448073 /* APIManager.swift */ = {isa = PBXFileReference; lastKnownFileType = sourcecode.swift; path = APIManager.swift; sourceTree = "<group>"; };
		632A9A4729470DA000448073 /* CardRequest.swift */ = {isa = PBXFileReference; lastKnownFileType = sourcecode.swift; path = CardRequest.swift; sourceTree = "<group>"; };
		632A9A4929470E8D00448073 /* CardRepository.swift */ = {isa = PBXFileReference; lastKnownFileType = sourcecode.swift; path = CardRepository.swift; sourceTree = "<group>"; };
		632A9A4E29471A7800448073 /* CardListResponse.swift */ = {isa = PBXFileReference; lastKnownFileType = sourcecode.swift; path = CardListResponse.swift; sourceTree = "<group>"; };
		632A9A5029471D9C00448073 /* ImageSize.swift */ = {isa = PBXFileReference; lastKnownFileType = sourcecode.swift; path = ImageSize.swift; sourceTree = "<group>"; };
		632A9A56294723E300448073 /* HomeView.swift */ = {isa = PBXFileReference; lastKnownFileType = sourcecode.swift; path = HomeView.swift; sourceTree = "<group>"; };
		632A9A58294723EF00448073 /* SearchView.swift */ = {isa = PBXFileReference; lastKnownFileType = sourcecode.swift; path = SearchView.swift; sourceTree = "<group>"; };
		632A9A5A294723FE00448073 /* NotifyView.swift */ = {isa = PBXFileReference; lastKnownFileType = sourcecode.swift; path = NotifyView.swift; sourceTree = "<group>"; };
		632A9A5C2947240B00448073 /* SettingView.swift */ = {isa = PBXFileReference; lastKnownFileType = sourcecode.swift; path = SettingView.swift; sourceTree = "<group>"; };
		632A9A5E294728FA00448073 /* SearchViewModel.swift */ = {isa = PBXFileReference; lastKnownFileType = sourcecode.swift; path = SearchViewModel.swift; sourceTree = "<group>"; };
		632A9A6129472A7200448073 /* SearchCardRow.swift */ = {isa = PBXFileReference; lastKnownFileType = sourcecode.swift; path = SearchCardRow.swift; sourceTree = "<group>"; };
		632A9A6529472C4500448073 /* ImageView.swift */ = {isa = PBXFileReference; lastKnownFileType = sourcecode.swift; path = ImageView.swift; sourceTree = "<group>"; };
		632A9A6729472C8B00448073 /* ImageViewModel.swift */ = {isa = PBXFileReference; lastKnownFileType = sourcecode.swift; path = ImageViewModel.swift; sourceTree = "<group>"; };
/* End PBXFileReference section */

/* Begin PBXFrameworksBuildPhase section */
		632A9A122946EC3400448073 /* Frameworks */ = {
			isa = PBXFrameworksBuildPhase;
			buildActionMask = 2147483647;
			files = (
				632A9A282946F2D400448073 /* Alamofire in Frameworks */,
				632A9A6B29472CC500448073 /* Nuke in Frameworks */,
			);
			runOnlyForDeploymentPostprocessing = 0;
		};
/* End PBXFrameworksBuildPhase section */

/* Begin PBXGroup section */
		632A9A0C2946EC3400448073 = {
			isa = PBXGroup;
			children = (
				632A9A172946EC3400448073 /* PokemonCardSwiftUI */,
				632A9A162946EC3400448073 /* Products */,
			);
			sourceTree = "<group>";
		};
		632A9A162946EC3400448073 /* Products */ = {
			isa = PBXGroup;
			children = (
				632A9A152946EC3400448073 /* PokemonCardSwiftUI.app */,
			);
			name = Products;
			sourceTree = "<group>";
		};
		632A9A172946EC3400448073 /* PokemonCardSwiftUI */ = {
			isa = PBXGroup;
			children = (
				632A9A4529470D6500448073 /* Networking */,
				632A9A3E2946FE3700448073 /* Application */,
				632A9A2C2946F3C300448073 /* UI */,
				632A9A2B2946F39C00448073 /* Repositories */,
				632A9A2A2946F38300448073 /* Utilities */,
				632A9A292946F37D00448073 /* Models */,
				632A9A1C2946EC3600448073 /* Assets.xcassets */,
				632A9A1E2946EC3600448073 /* Preview Content */,
			);
			path = PokemonCardSwiftUI;
			sourceTree = "<group>";
		};
		632A9A1E2946EC3600448073 /* Preview Content */ = {
			isa = PBXGroup;
			children = (
				632A9A1F2946EC3600448073 /* Preview Assets.xcassets */,
			);
			path = "Preview Content";
			sourceTree = "<group>";
		};
		632A9A292946F37D00448073 /* Models */ = {
			isa = PBXGroup;
			children = (
				632A9A2E2946F40800448073 /* Card.swift */,
				632A9A302946F82A00448073 /* CardType.swift */,
				632A9A322946F84100448073 /* SuperType.swift */,
				632A9A342946F85700448073 /* SubType.swift */,
				632A9A362946F86900448073 /* Attack.swift */,
				632A9A382946F88700448073 /* Effect.swift */,
				632A9A3A2946F89E00448073 /* Ability.swift */,
				632A9A5029471D9C00448073 /* ImageSize.swift */,
			);
			path = Models;
			sourceTree = "<group>";
		};
		632A9A2A2946F38300448073 /* Utilities */ = {
			isa = PBXGroup;
			children = (
				632A9A3C2946FB3E00448073 /* BaseAPIProtocol.swift */,
				632A9A432947065C00448073 /* APIManager.swift */,
			);
			path = Utilities;
			sourceTree = "<group>";
		};
		632A9A2B2946F39C00448073 /* Repositories */ = {
			isa = PBXGroup;
			children = (
				632A9A4929470E8D00448073 /* CardRepository.swift */,
			);
			path = Repositories;
			sourceTree = "<group>";
		};
		632A9A2C2946F3C300448073 /* UI */ = {
			isa = PBXGroup;
			children = (
				632A9A182946EC3400448073 /* PokemonCardSwiftUIApp.swift */,
				632A9A6329472C2B00448073 /* Common */,
				632A9A2D2946F3C900448073 /* Scenes */,
			);
			path = UI;
			sourceTree = "<group>";
		};
		632A9A2D2946F3C900448073 /* Scenes */ = {
			isa = PBXGroup;
			children = (
				632A9A522947239F00448073 /* Home */,
				632A9A53294723A800448073 /* Search */,
				632A9A54294723B300448073 /* Notify */,
				632A9A55294723D000448073 /* Setting */,
			);
			path = Scenes;
			sourceTree = "<group>";
		};
		632A9A3E2946FE3700448073 /* Application */ = {
			isa = PBXGroup;
			children = (
				632A9A3F2946FE5600448073 /* SecretKey.swift */,
				632A9A412946FEA000448073 /* EnvironmentKey.swift */,
			);
			path = Application;
			sourceTree = "<group>";
		};
		632A9A4529470D6500448073 /* Networking */ = {
			isa = PBXGroup;
			children = (
				632A9A4D29471A5A00448073 /* Responses */,
				632A9A4629470D7200448073 /* Requests */,
			);
			path = Networking;
			sourceTree = "<group>";
		};
		632A9A4629470D7200448073 /* Requests */ = {
			isa = PBXGroup;
			children = (
				632A9A4729470DA000448073 /* CardRequest.swift */,
			);
			path = Requests;
			sourceTree = "<group>";
		};
		632A9A4D29471A5A00448073 /* Responses */ = {
			isa = PBXGroup;
			children = (
				632A9A4E29471A7800448073 /* CardListResponse.swift */,
			);
			path = Responses;
			sourceTree = "<group>";
		};
		632A9A522947239F00448073 /* Home */ = {
			isa = PBXGroup;
			children = (
				632A9A56294723E300448073 /* HomeView.swift */,
			);
			path = Home;
			sourceTree = "<group>";
		};
		632A9A53294723A800448073 /* Search */ = {
			isa = PBXGroup;
			children = (
				632A9A6029472A5500448073 /* Component */,
				632A9A58294723EF00448073 /* SearchView.swift */,
				632A9A5E294728FA00448073 /* SearchViewModel.swift */,
			);
			path = Search;
			sourceTree = "<group>";
		};
		632A9A54294723B300448073 /* Notify */ = {
			isa = PBXGroup;
			children = (
				632A9A5A294723FE00448073 /* NotifyView.swift */,
			);
			path = Notify;
			sourceTree = "<group>";
		};
		632A9A55294723D000448073 /* Setting */ = {
			isa = PBXGroup;
			children = (
				632A9A5C2947240B00448073 /* SettingView.swift */,
			);
			path = Setting;
			sourceTree = "<group>";
		};
		632A9A6029472A5500448073 /* Component */ = {
			isa = PBXGroup;
			children = (
				632A9A6129472A7200448073 /* SearchCardRow.swift */,
			);
			path = Component;
			sourceTree = "<group>";
		};
		632A9A6329472C2B00448073 /* Common */ = {
			isa = PBXGroup;
			children = (
				632A9A6429472C3A00448073 /* ImageView */,
			);
			path = Common;
			sourceTree = "<group>";
		};
		632A9A6429472C3A00448073 /* ImageView */ = {
			isa = PBXGroup;
			children = (
				632A9A6529472C4500448073 /* ImageView.swift */,
				632A9A6729472C8B00448073 /* ImageViewModel.swift */,
			);
			path = ImageView;
			sourceTree = "<group>";
		};
/* End PBXGroup section */

/* Begin PBXNativeTarget section */
		632A9A142946EC3400448073 /* PokemonCardSwiftUI */ = {
			isa = PBXNativeTarget;
			buildConfigurationList = 632A9A232946EC3600448073 /* Build configuration list for PBXNativeTarget "PokemonCardSwiftUI" */;
			buildPhases = (
				632A9A112946EC3400448073 /* Sources */,
				632A9A122946EC3400448073 /* Frameworks */,
				632A9A132946EC3400448073 /* Resources */,
			);
			buildRules = (
			);
			dependencies = (
			);
			name = PokemonCardSwiftUI;
			packageProductDependencies = (
				632A9A272946F2D400448073 /* Alamofire */,
				632A9A6A29472CC500448073 /* Nuke */,
			);
			productName = PokemonCardSwiftUI;
			productReference = 632A9A152946EC3400448073 /* PokemonCardSwiftUI.app */;
			productType = "com.apple.product-type.application";
		};
/* End PBXNativeTarget section */

/* Begin PBXProject section */
		632A9A0D2946EC3400448073 /* Project object */ = {
			isa = PBXProject;
			attributes = {
				BuildIndependentTargetsInParallel = 1;
				LastSwiftUpdateCheck = 1340;
				LastUpgradeCheck = 1340;
				TargetAttributes = {
					632A9A142946EC3400448073 = {
						CreatedOnToolsVersion = 13.4.1;
					};
				};
			};
			buildConfigurationList = 632A9A102946EC3400448073 /* Build configuration list for PBXProject "PokemonCardSwiftUI" */;
			compatibilityVersion = "Xcode 13.0";
			developmentRegion = en;
			hasScannedForEncodings = 0;
			knownRegions = (
				en,
				Base,
			);
			mainGroup = 632A9A0C2946EC3400448073;
			packageReferences = (
				632A9A262946F2D400448073 /* XCRemoteSwiftPackageReference "Alamofire" */,
				632A9A6929472CC500448073 /* XCRemoteSwiftPackageReference "Nuke" */,
			);
			productRefGroup = 632A9A162946EC3400448073 /* Products */;
			projectDirPath = "";
			projectRoot = "";
			targets = (
				632A9A142946EC3400448073 /* PokemonCardSwiftUI */,
			);
		};
/* End PBXProject section */

/* Begin PBXResourcesBuildPhase section */
		632A9A132946EC3400448073 /* Resources */ = {
			isa = PBXResourcesBuildPhase;
			buildActionMask = 2147483647;
			files = (
				632A9A202946EC3600448073 /* Preview Assets.xcassets in Resources */,
				632A9A1D2946EC3600448073 /* Assets.xcassets in Resources */,
			);
			runOnlyForDeploymentPostprocessing = 0;
		};
/* End PBXResourcesBuildPhase section */

/* Begin PBXSourcesBuildPhase section */
		632A9A112946EC3400448073 /* Sources */ = {
			isa = PBXSourcesBuildPhase;
			buildActionMask = 2147483647;
			files = (
				632A9A59294723EF00448073 /* SearchView.swift in Sources */,
				632A9A422946FEA000448073 /* EnvironmentKey.swift in Sources */,
				632A9A3D2946FB3E00448073 /* BaseAPIProtocol.swift in Sources */,
				632A9A3B2946F89E00448073 /* Ability.swift in Sources */,
				632A9A5129471D9C00448073 /* ImageSize.swift in Sources */,
				632A9A5B294723FE00448073 /* NotifyView.swift in Sources */,
				632A9A6829472C8B00448073 /* ImageViewModel.swift in Sources */,
				632A9A332946F84100448073 /* SuperType.swift in Sources */,
				632A9A312946F82A00448073 /* CardType.swift in Sources */,
				632A9A4F29471A7800448073 /* CardListResponse.swift in Sources */,
				632A9A372946F86900448073 /* Attack.swift in Sources */,
				632A9A4A29470E8D00448073 /* CardRepository.swift in Sources */,
				632A9A4829470DA000448073 /* CardRequest.swift in Sources */,
				632A9A6629472C4500448073 /* ImageView.swift in Sources */,
				632A9A5F294728FA00448073 /* SearchViewModel.swift in Sources */,
				632A9A392946F88700448073 /* Effect.swift in Sources */,
				632A9A6229472A7200448073 /* SearchCardRow.swift in Sources */,
				632A9A402946FE5600448073 /* SecretKey.swift in Sources */,
				632A9A2F2946F40800448073 /* Card.swift in Sources */,
				632A9A442947065C00448073 /* APIManager.swift in Sources */,
				632A9A352946F85700448073 /* SubType.swift in Sources */,
				632A9A192946EC3400448073 /* PokemonCardSwiftUIApp.swift in Sources */,
				632A9A57294723E300448073 /* HomeView.swift in Sources */,
				632A9A5D2947240B00448073 /* SettingView.swift in Sources */,
			);
			runOnlyForDeploymentPostprocessing = 0;
		};
/* End PBXSourcesBuildPhase section */

/* Begin XCBuildConfiguration section */
		632A9A212946EC3600448073 /* Debug */ = {
			isa = XCBuildConfiguration;
			buildSettings = {
				ALWAYS_SEARCH_USER_PATHS = NO;
				CLANG_ANALYZER_NONNULL = YES;
				CLANG_ANALYZER_NUMBER_OBJECT_CONVERSION = YES_AGGRESSIVE;
				CLANG_CXX_LANGUAGE_STANDARD = "gnu++17";
				CLANG_ENABLE_MODULES = YES;
				CLANG_ENABLE_OBJC_ARC = YES;
				CLANG_ENABLE_OBJC_WEAK = YES;
				CLANG_WARN_BLOCK_CAPTURE_AUTORELEASING = YES;
				CLANG_WARN_BOOL_CONVERSION = YES;
				CLANG_WARN_COMMA = YES;
				CLANG_WARN_CONSTANT_CONVERSION = YES;
				CLANG_WARN_DEPRECATED_OBJC_IMPLEMENTATIONS = YES;
				CLANG_WARN_DIRECT_OBJC_ISA_USAGE = YES_ERROR;
				CLANG_WARN_DOCUMENTATION_COMMENTS = YES;
				CLANG_WARN_EMPTY_BODY = YES;
				CLANG_WARN_ENUM_CONVERSION = YES;
				CLANG_WARN_INFINITE_RECURSION = YES;
				CLANG_WARN_INT_CONVERSION = YES;
				CLANG_WARN_NON_LITERAL_NULL_CONVERSION = YES;
				CLANG_WARN_OBJC_IMPLICIT_RETAIN_SELF = YES;
				CLANG_WARN_OBJC_LITERAL_CONVERSION = YES;
				CLANG_WARN_OBJC_ROOT_CLASS = YES_ERROR;
				CLANG_WARN_QUOTED_INCLUDE_IN_FRAMEWORK_HEADER = YES;
				CLANG_WARN_RANGE_LOOP_ANALYSIS = YES;
				CLANG_WARN_STRICT_PROTOTYPES = YES;
				CLANG_WARN_SUSPICIOUS_MOVE = YES;
				CLANG_WARN_UNGUARDED_AVAILABILITY = YES_AGGRESSIVE;
				CLANG_WARN_UNREACHABLE_CODE = YES;
				CLANG_WARN__DUPLICATE_METHOD_MATCH = YES;
				COPY_PHASE_STRIP = NO;
				DEBUG_INFORMATION_FORMAT = dwarf;
				ENABLE_STRICT_OBJC_MSGSEND = YES;
				ENABLE_TESTABILITY = YES;
				GCC_C_LANGUAGE_STANDARD = gnu11;
				GCC_DYNAMIC_NO_PIC = NO;
				GCC_NO_COMMON_BLOCKS = YES;
				GCC_OPTIMIZATION_LEVEL = 0;
				GCC_PREPROCESSOR_DEFINITIONS = (
					"DEBUG=1",
					"$(inherited)",
				);
				GCC_WARN_64_TO_32_BIT_CONVERSION = YES;
				GCC_WARN_ABOUT_RETURN_TYPE = YES_ERROR;
				GCC_WARN_UNDECLARED_SELECTOR = YES;
				GCC_WARN_UNINITIALIZED_AUTOS = YES_AGGRESSIVE;
				GCC_WARN_UNUSED_FUNCTION = YES;
				GCC_WARN_UNUSED_VARIABLE = YES;
				IPHONEOS_DEPLOYMENT_TARGET = 15.5;
				MTL_ENABLE_DEBUG_INFO = INCLUDE_SOURCE;
				MTL_FAST_MATH = YES;
				ONLY_ACTIVE_ARCH = YES;
				SDKROOT = iphoneos;
				SWIFT_ACTIVE_COMPILATION_CONDITIONS = DEBUG;
				SWIFT_OPTIMIZATION_LEVEL = "-Onone";
			};
			name = Debug;
		};
		632A9A222946EC3600448073 /* Release */ = {
			isa = XCBuildConfiguration;
			buildSettings = {
				ALWAYS_SEARCH_USER_PATHS = NO;
				CLANG_ANALYZER_NONNULL = YES;
				CLANG_ANALYZER_NUMBER_OBJECT_CONVERSION = YES_AGGRESSIVE;
				CLANG_CXX_LANGUAGE_STANDARD = "gnu++17";
				CLANG_ENABLE_MODULES = YES;
				CLANG_ENABLE_OBJC_ARC = YES;
				CLANG_ENABLE_OBJC_WEAK = YES;
				CLANG_WARN_BLOCK_CAPTURE_AUTORELEASING = YES;
				CLANG_WARN_BOOL_CONVERSION = YES;
				CLANG_WARN_COMMA = YES;
				CLANG_WARN_CONSTANT_CONVERSION = YES;
				CLANG_WARN_DEPRECATED_OBJC_IMPLEMENTATIONS = YES;
				CLANG_WARN_DIRECT_OBJC_ISA_USAGE = YES_ERROR;
				CLANG_WARN_DOCUMENTATION_COMMENTS = YES;
				CLANG_WARN_EMPTY_BODY = YES;
				CLANG_WARN_ENUM_CONVERSION = YES;
				CLANG_WARN_INFINITE_RECURSION = YES;
				CLANG_WARN_INT_CONVERSION = YES;
				CLANG_WARN_NON_LITERAL_NULL_CONVERSION = YES;
				CLANG_WARN_OBJC_IMPLICIT_RETAIN_SELF = YES;
				CLANG_WARN_OBJC_LITERAL_CONVERSION = YES;
				CLANG_WARN_OBJC_ROOT_CLASS = YES_ERROR;
				CLANG_WARN_QUOTED_INCLUDE_IN_FRAMEWORK_HEADER = YES;
				CLANG_WARN_RANGE_LOOP_ANALYSIS = YES;
				CLANG_WARN_STRICT_PROTOTYPES = YES;
				CLANG_WARN_SUSPICIOUS_MOVE = YES;
				CLANG_WARN_UNGUARDED_AVAILABILITY = YES_AGGRESSIVE;
				CLANG_WARN_UNREACHABLE_CODE = YES;
				CLANG_WARN__DUPLICATE_METHOD_MATCH = YES;
				COPY_PHASE_STRIP = NO;
				DEBUG_INFORMATION_FORMAT = "dwarf-with-dsym";
				ENABLE_NS_ASSERTIONS = NO;
				ENABLE_STRICT_OBJC_MSGSEND = YES;
				GCC_C_LANGUAGE_STANDARD = gnu11;
				GCC_NO_COMMON_BLOCKS = YES;
				GCC_WARN_64_TO_32_BIT_CONVERSION = YES;
				GCC_WARN_ABOUT_RETURN_TYPE = YES_ERROR;
				GCC_WARN_UNDECLARED_SELECTOR = YES;
				GCC_WARN_UNINITIALIZED_AUTOS = YES_AGGRESSIVE;
				GCC_WARN_UNUSED_FUNCTION = YES;
				GCC_WARN_UNUSED_VARIABLE = YES;
				IPHONEOS_DEPLOYMENT_TARGET = 15.5;
				MTL_ENABLE_DEBUG_INFO = NO;
				MTL_FAST_MATH = YES;
				SDKROOT = iphoneos;
				SWIFT_COMPILATION_MODE = wholemodule;
				SWIFT_OPTIMIZATION_LEVEL = "-O";
				VALIDATE_PRODUCT = YES;
			};
			name = Release;
		};
		632A9A242946EC3600448073 /* Debug */ = {
			isa = XCBuildConfiguration;
			buildSettings = {
				ASSETCATALOG_COMPILER_APPICON_NAME = AppIcon;
				ASSETCATALOG_COMPILER_GLOBAL_ACCENT_COLOR_NAME = AccentColor;
				CODE_SIGN_STYLE = Automatic;
				CURRENT_PROJECT_VERSION = 1;
				DEVELOPMENT_ASSET_PATHS = "\"PokemonCardSwiftUI/Preview Content\"";
				DEVELOPMENT_TEAM = P8WSM73W3S;
				ENABLE_PREVIEWS = YES;
				GENERATE_INFOPLIST_FILE = YES;
				INFOPLIST_KEY_UIApplicationSceneManifest_Generation = YES;
				INFOPLIST_KEY_UIApplicationSupportsIndirectInputEvents = YES;
				INFOPLIST_KEY_UILaunchScreen_Generation = YES;
				INFOPLIST_KEY_UISupportedInterfaceOrientations_iPad = "UIInterfaceOrientationPortrait UIInterfaceOrientationPortraitUpsideDown UIInterfaceOrientationLandscapeLeft UIInterfaceOrientationLandscapeRight";
				INFOPLIST_KEY_UISupportedInterfaceOrientations_iPhone = "UIInterfaceOrientationPortrait UIInterfaceOrientationLandscapeLeft UIInterfaceOrientationLandscapeRight";
				LD_RUNPATH_SEARCH_PATHS = (
					"$(inherited)",
					"@executable_path/Frameworks",
				);
				MARKETING_VERSION = 1.0;
				PRODUCT_BUNDLE_IDENTIFIER = com.schlagerlife.PokemonCardSwiftUI;
				PRODUCT_NAME = "$(TARGET_NAME)";
				SWIFT_EMIT_LOC_STRINGS = YES;
				SWIFT_VERSION = 5.0;
				TARGETED_DEVICE_FAMILY = "1,2";
			};
			name = Debug;
		};
		632A9A252946EC3600448073 /* Release */ = {
			isa = XCBuildConfiguration;
			buildSettings = {
				ASSETCATALOG_COMPILER_APPICON_NAME = AppIcon;
				ASSETCATALOG_COMPILER_GLOBAL_ACCENT_COLOR_NAME = AccentColor;
				CODE_SIGN_STYLE = Automatic;
				CURRENT_PROJECT_VERSION = 1;
				DEVELOPMENT_ASSET_PATHS = "\"PokemonCardSwiftUI/Preview Content\"";
				DEVELOPMENT_TEAM = P8WSM73W3S;
				ENABLE_PREVIEWS = YES;
				GENERATE_INFOPLIST_FILE = YES;
				INFOPLIST_KEY_UIApplicationSceneManifest_Generation = YES;
				INFOPLIST_KEY_UIApplicationSupportsIndirectInputEvents = YES;
				INFOPLIST_KEY_UILaunchScreen_Generation = YES;
				INFOPLIST_KEY_UISupportedInterfaceOrientations_iPad = "UIInterfaceOrientationPortrait UIInterfaceOrientationPortraitUpsideDown UIInterfaceOrientationLandscapeLeft UIInterfaceOrientationLandscapeRight";
				INFOPLIST_KEY_UISupportedInterfaceOrientations_iPhone = "UIInterfaceOrientationPortrait UIInterfaceOrientationLandscapeLeft UIInterfaceOrientationLandscapeRight";
				LD_RUNPATH_SEARCH_PATHS = (
					"$(inherited)",
					"@executable_path/Frameworks",
				);
				MARKETING_VERSION = 1.0;
				PRODUCT_BUNDLE_IDENTIFIER = com.schlagerlife.PokemonCardSwiftUI;
				PRODUCT_NAME = "$(TARGET_NAME)";
				SWIFT_EMIT_LOC_STRINGS = YES;
				SWIFT_VERSION = 5.0;
				TARGETED_DEVICE_FAMILY = "1,2";
			};
			name = Release;
		};
/* End XCBuildConfiguration section */

/* Begin XCConfigurationList section */
		632A9A102946EC3400448073 /* Build configuration list for PBXProject "PokemonCardSwiftUI" */ = {
			isa = XCConfigurationList;
			buildConfigurations = (
				632A9A212946EC3600448073 /* Debug */,
				632A9A222946EC3600448073 /* Release */,
			);
			defaultConfigurationIsVisible = 0;
			defaultConfigurationName = Release;
		};
		632A9A232946EC3600448073 /* Build configuration list for PBXNativeTarget "PokemonCardSwiftUI" */ = {
			isa = XCConfigurationList;
			buildConfigurations = (
				632A9A242946EC3600448073 /* Debug */,
				632A9A252946EC3600448073 /* Release */,
			);
			defaultConfigurationIsVisible = 0;
			defaultConfigurationName = Release;
		};
/* End XCConfigurationList section */

/* Begin XCRemoteSwiftPackageReference section */
		632A9A262946F2D400448073 /* XCRemoteSwiftPackageReference "Alamofire" */ = {
			isa = XCRemoteSwiftPackageReference;
			repositoryURL = "https://github.com/Alamofire/Alamofire";
			requirement = {
				kind = upToNextMajorVersion;
				minimumVersion = 5.0.0;
			};
		};
		632A9A6929472CC500448073 /* XCRemoteSwiftPackageReference "Nuke" */ = {
			isa = XCRemoteSwiftPackageReference;
			repositoryURL = "https://github.com/kean/Nuke";
			requirement = {
				kind = upToNextMajorVersion;
				minimumVersion = 9.0.0;
			};
		};
/* End XCRemoteSwiftPackageReference section */

/* Begin XCSwiftPackageProductDependency section */
		632A9A272946F2D400448073 /* Alamofire */ = {
			isa = XCSwiftPackageProductDependency;
			package = 632A9A262946F2D400448073 /* XCRemoteSwiftPackageReference "Alamofire" */;
			productName = Alamofire;
		};
		632A9A6A29472CC500448073 /* Nuke */ = {
			isa = XCSwiftPackageProductDependency;
			package = 632A9A6929472CC500448073 /* XCRemoteSwiftPackageReference "Nuke" */;
			productName = Nuke;
		};
/* End XCSwiftPackageProductDependency section */
	};
	rootObject = 632A9A0D2946EC3400448073 /* Project object */;
}
